# This file is automatically @generated by Poetry 1.8.3 and should not be changed by hand.

[[package]]
name = "polars"
version = "1.4.1"
description = "Blazingly fast DataFrame library"
optional = false
python-versions = ">=3.8"
files = [
    {file = "polars-1.4.1-cp38-abi3-macosx_10_12_x86_64.whl", hash = "sha256:f02fc6a5c63dd86cfeb159caa66112e477c69fc7800a28e64609ac2780554865"},
    {file = "polars-1.4.1-cp38-abi3-macosx_11_0_arm64.whl", hash = "sha256:bd2acd8b1977f61b9587c8d47d16f101e7e73edd8cdeb3a8a725f15f181cd120"},
    {file = "polars-1.4.1-cp38-abi3-manylinux_2_17_x86_64.manylinux2014_x86_64.whl", hash = "sha256:7cf834a328e292c31c06eb606496becb6d8a795e927c826e26e2af27087950f1"},
    {file = "polars-1.4.1-cp38-abi3-manylinux_2_24_aarch64.whl", hash = "sha256:64eabf0ef7ac0d17fe15361e7daaeb4425a875d2d760c17d96803e9ac8bee244"},
    {file = "polars-1.4.1-cp38-abi3-win_amd64.whl", hash = "sha256:2313d63ecfa1d9f1e740b9fcabb8ae45d9d0b5acf1ddb401951daba4c0f3f74f"},
    {file = "polars-1.4.1.tar.gz", hash = "sha256:ed8009aff8cf91f94db5a38d947185603ad5bee48a28b764cf5a52048c7c4756"},
]

[package.extras]
adbc = ["adbc-driver-manager[dbapi]", "adbc-driver-sqlite[dbapi]"]
all = ["polars[async,cloudpickle,database,deltalake,excel,fsspec,graph,iceberg,numpy,pandas,plot,pyarrow,pydantic,style,timezone]"]
async = ["gevent"]
calamine = ["fastexcel (>=0.9)"]
cloudpickle = ["cloudpickle"]
connectorx = ["connectorx (>=0.3.2)"]
database = ["nest-asyncio", "polars[adbc,connectorx,sqlalchemy]"]
deltalake = ["deltalake (>=0.15.0)"]
excel = ["polars[calamine,openpyxl,xlsx2csv,xlsxwriter]"]
fsspec = ["fsspec"]
gpu = ["cudf-polars-cu12"]
graph = ["matplotlib"]
iceberg = ["pyiceberg (>=0.5.0)"]
numpy = ["numpy (>=1.16.0)"]
openpyxl = ["openpyxl (>=3.0.0)"]
pandas = ["pandas", "polars[pyarrow]"]
plot = ["hvplot (>=0.9.1)", "polars[pandas]"]
pyarrow = ["pyarrow (>=7.0.0)"]
pydantic = ["pydantic"]
sqlalchemy = ["polars[pandas]", "sqlalchemy"]
style = ["great-tables (>=0.8.0)"]
timezone = ["backports-zoneinfo", "tzdata"]
xlsx2csv = ["xlsx2csv (>=0.8.0)"]
xlsxwriter = ["xlsxwriter"]

[metadata]
lock-version = "2.0"
python-versions = "^3.11"
content-hash = "86951e8c8ecafc45b3c43d0a24fb1288329feb85e6889833b6ad39fc0e298b9d"
